
Microsoft Visual Studio Solution File, Format Version 12.00
# Visual Studio 14
VisualStudioVersion = 14.0.25123.0
MinimumVisualStudioVersion = 10.0.40219.1
Project("{FAE04EC0-301F-11D3-BF4B-00C04F79EFBC}") = "TestingBuildFromVS", "TestingBuildFromVS\TestingBuildFromVS\TestingBuildFromVS.csproj", "{3A9E8A79-E7F4-493F-BF25-6CEE50A708C8}"
EndProject
Project("{FAE04EC0-301F-11D3-BF4B-00C04F79EFBC}") = "TestingBuildFromVS.Droid", "TestingBuildFromVS\TestingBuildFromVS.Droid\TestingBuildFromVS.Droid.csproj", "{78429E73-76E6-4592-A559-2A5F1D553322}"
EndProject
Project("{FAE04EC0-301F-11D3-BF4B-00C04F79EFBC}") = "TestingBuildFromVS.iOS", "TestingBuildFromVS\TestingBuildFromVS.iOS\TestingBuildFromVS.iOS.csproj", "{0142CCD7-7E66-45A1-BFAE-25AE95231CA9}"
EndProject
Global
	GlobalSection(SolutionConfigurationPlatforms) = preSolution
		Ad-Hoc|Any CPU = Ad-Hoc|Any CPU
		Ad-Hoc|iPhone = Ad-Hoc|iPhone
		Ad-Hoc|iPhoneSimulator = Ad-Hoc|iPhoneSimulator
		AppStore|Any CPU = AppStore|Any CPU
		AppStore|iPhone = AppStore|iPhone
		AppStore|iPhoneSimulator = AppStore|iPhoneSimulator
		Debug|Any CPU = Debug|Any CPU
		Debug|iPhone = Debug|iPhone
		Debug|iPhoneSimulator = Debug|iPhoneSimulator
		Release|Any CPU = Release|Any CPU
		Release|iPhone = Release|iPhone
		Release|iPhoneSimulator = Release|iPhoneSimulator
	EndGlobalSection
	GlobalSection(ProjectConfigurationPlatforms) = postSolution
		{3A9E8A79-E7F4-493F-BF25-6CEE50A708C8}.Ad-Hoc|Any CPU.ActiveCfg = Release|Any CPU
		{3A9E8A79-E7F4-493F-BF25-6CEE50A708C8}.Ad-Hoc|Any CPU.Build.0 = Release|Any CPU
		{3A9E8A79-E7F4-493F-BF25-6CEE50A708C8}.Ad-Hoc|iPhone.ActiveCfg = Release|Any CPU
		{3A9E8A79-E7F4-493F-BF25-6CEE50A708C8}.Ad-Hoc|iPhone.Build.0 = Release|Any CPU
		{3A9E8A79-E7F4-493F-BF25-6CEE50A708C8}.Ad-Hoc|iPhoneSimulator.ActiveCfg = Release|Any CPU
		{3A9E8A79-E7F4-493F-BF25-6CEE50A708C8}.Ad-Hoc|iPhoneSimulator.Build.0 = Release|Any CPU
		{3A9E8A79-E7F4-493F-BF25-6CEE50A708C8}.AppStore|Any CPU.ActiveCfg = Release|Any CPU
		{3A9E8A79-E7F4-493F-BF25-6CEE50A708C8}.AppStore|Any CPU.Build.0 = Release|Any CPU
		{3A9E8A79-E7F4-493F-BF25-6CEE50A708C8}.AppStore|iPhone.ActiveCfg = Release|Any CPU
		{3A9E8A79-E7F4-493F-BF25-6CEE50A708C8}.AppStore|iPhone.Build.0 = Release|Any CPU
		{3A9E8A79-E7F4-493F-BF25-6CEE50A708C8}.AppStore|iPhoneSimulator.ActiveCfg = Release|Any CPU
		{3A9E8A79-E7F4-493F-BF25-6CEE50A708C8}.AppStore|iPhoneSimulator.Build.0 = Release|Any CPU
		{3A9E8A79-E7F4-493F-BF25-6CEE50A708C8}.Debug|Any CPU.ActiveCfg = Debug|Any CPU
		{3A9E8A79-E7F4-493F-BF25-6CEE50A708C8}.Debug|Any CPU.Build.0 = Debug|Any CPU
		{3A9E8A79-E7F4-493F-BF25-6CEE50A708C8}.Debug|iPhone.ActiveCfg = Debug|Any CPU
		{3A9E8A79-E7F4-493F-BF25-6CEE50A708C8}.Debug|iPhone.Build.0 = Debug|Any CPU
		{3A9E8A79-E7F4-493F-BF25-6CEE50A708C8}.Debug|iPhoneSimulator.ActiveCfg = Debug|Any CPU
		{3A9E8A79-E7F4-493F-BF25-6CEE50A708C8}.Debug|iPhoneSimulator.Build.0 = Debug|Any CPU
		{3A9E8A79-E7F4-493F-BF25-6CEE50A708C8}.Release|Any CPU.ActiveCfg = Release|Any CPU
		{3A9E8A79-E7F4-493F-BF25-6CEE50A708C8}.Release|Any CPU.Build.0 = Release|Any CPU
		{3A9E8A79-E7F4-493F-BF25-6CEE50A708C8}.Release|iPhone.ActiveCfg = Release|Any CPU
		{3A9E8A79-E7F4-493F-BF25-6CEE50A708C8}.Release|iPhone.Build.0 = Release|Any CPU
		{3A9E8A79-E7F4-493F-BF25-6CEE50A708C8}.Release|iPhoneSimulator.ActiveCfg = Release|Any CPU
		{3A9E8A79-E7F4-493F-BF25-6CEE50A708C8}.Release|iPhoneSimulator.Build.0 = Release|Any CPU
		{78429E73-76E6-4592-A559-2A5F1D553322}.Ad-Hoc|Any CPU.ActiveCfg = Release|Any CPU
		{78429E73-76E6-4592-A559-2A5F1D553322}.Ad-Hoc|Any CPU.Build.0 = Release|Any CPU
		{78429E73-76E6-4592-A559-2A5F1D553322}.Ad-Hoc|Any CPU.Deploy.0 = Release|Any CPU
		{78429E73-76E6-4592-A559-2A5F1D553322}.Ad-Hoc|iPhone.ActiveCfg = Release|Any CPU
		{78429E73-76E6-4592-A559-2A5F1D553322}.Ad-Hoc|iPhone.Build.0 = Release|Any CPU
		{78429E73-76E6-4592-A559-2A5F1D553322}.Ad-Hoc|iPhone.Deploy.0 = Release|Any CPU
		{78429E73-76E6-4592-A559-2A5F1D553322}.Ad-Hoc|iPhoneSimulator.ActiveCfg = Release|Any CPU
		{78429E73-76E6-4592-A559-2A5F1D553322}.Ad-Hoc|iPhoneSimulator.Build.0 = Release|Any CPU
		{78429E73-76E6-4592-A559-2A5F1D553322}.Ad-Hoc|iPhoneSimulator.Deploy.0 = Release|Any CPU
		{78429E73-76E6-4592-A559-2A5F1D553322}.AppStore|Any CPU.ActiveCfg = Release|Any CPU
		{78429E73-76E6-4592-A559-2A5F1D553322}.AppStore|Any CPU.Build.0 = Release|Any CPU
		{78429E73-76E6-4592-A559-2A5F1D553322}.AppStore|Any CPU.Deploy.0 = Release|Any CPU
		{78429E73-76E6-4592-A559-2A5F1D553322}.AppStore|iPhone.ActiveCfg = Release|Any CPU
		{78429E73-76E6-4592-A559-2A5F1D553322}.AppStore|iPhone.Build.0 = Release|Any CPU
		{78429E73-76E6-4592-A559-2A5F1D553322}.AppStore|iPhone.Deploy.0 = Release|Any CPU
		{78429E73-76E6-4592-A559-2A5F1D553322}.AppStore|iPhoneSimulator.ActiveCfg = Release|Any CPU
		{78429E73-76E6-4592-A559-2A5F1D553322}.AppStore|iPhoneSimulator.Build.0 = Release|Any CPU
		{78429E73-76E6-4592-A559-2A5F1D553322}.AppStore|iPhoneSimulator.Deploy.0 = Release|Any CPU
		{78429E73-76E6-4592-A559-2A5F1D553322}.Debug|Any CPU.ActiveCfg = Debug|Any CPU
		{78429E73-76E6-4592-A559-2A5F1D553322}.Debug|Any CPU.Build.0 = Debug|Any CPU
		{78429E73-76E6-4592-A559-2A5F1D553322}.Debug|Any CPU.Deploy.0 = Debug|Any CPU
		{78429E73-76E6-4592-A559-2A5F1D553322}.Debug|iPhone.ActiveCfg = Debug|Any CPU
		{78429E73-76E6-4592-A559-2A5F1D553322}.Debug|iPhone.Build.0 = Debug|Any CPU
		{78429E73-76E6-4592-A559-2A5F1D553322}.Debug|iPhone.Deploy.0 = Debug|Any CPU
		{78429E73-76E6-4592-A559-2A5F1D553322}.Debug|iPhoneSimulator.ActiveCfg = Debug|Any CPU
		{78429E73-76E6-4592-A559-2A5F1D553322}.Debug|iPhoneSimulator.Build.0 = Debug|Any CPU
		{78429E73-76E6-4592-A559-2A5F1D553322}.Debug|iPhoneSimulator.Deploy.0 = Debug|Any CPU
		{78429E73-76E6-4592-A559-2A5F1D553322}.Release|Any CPU.ActiveCfg = Release|Any CPU
		{78429E73-76E6-4592-A559-2A5F1D553322}.Release|Any CPU.Build.0 = Release|Any CPU
		{78429E73-76E6-4592-A559-2A5F1D553322}.Release|Any CPU.Deploy.0 = Release|Any CPU
		{78429E73-76E6-4592-A559-2A5F1D553322}.Release|iPhone.ActiveCfg = Release|Any CPU
		{78429E73-76E6-4592-A559-2A5F1D553322}.Release|iPhone.Build.0 = Release|Any CPU
		{78429E73-76E6-4592-A559-2A5F1D553322}.Release|iPhone.Deploy.0 = Release|Any CPU
		{78429E73-76E6-4592-A559-2A5F1D553322}.Release|iPhoneSimulator.ActiveCfg = Release|Any CPU
		{78429E73-76E6-4592-A559-2A5F1D553322}.Release|iPhoneSimulator.Build.0 = Release|Any CPU
		{78429E73-76E6-4592-A559-2A5F1D553322}.Release|iPhoneSimulator.Deploy.0 = Release|Any CPU
		{0142CCD7-7E66-45A1-BFAE-25AE95231CA9}.Ad-Hoc|Any CPU.ActiveCfg = Ad-Hoc|iPhone
		{0142CCD7-7E66-45A1-BFAE-25AE95231CA9}.Ad-Hoc|iPhone.ActiveCfg = Ad-Hoc|iPhone
		{0142CCD7-7E66-45A1-BFAE-25AE95231CA9}.Ad-Hoc|iPhone.Build.0 = Ad-Hoc|iPhone
		{0142CCD7-7E66-45A1-BFAE-25AE95231CA9}.Ad-Hoc|iPhoneSimulator.ActiveCfg = Ad-Hoc|iPhoneSimulator
		{0142CCD7-7E66-45A1-BFAE-25AE95231CA9}.Ad-Hoc|iPhoneSimulator.Build.0 = Ad-Hoc|iPhoneSimulator
		{0142CCD7-7E66-45A1-BFAE-25AE95231CA9}.AppStore|Any CPU.ActiveCfg = AppStore|iPhone
		{0142CCD7-7E66-45A1-BFAE-25AE95231CA9}.AppStore|iPhone.ActiveCfg = AppStore|iPhone
		{0142CCD7-7E66-45A1-BFAE-25AE95231CA9}.AppStore|iPhone.Build.0 = AppStore|iPhone
		{0142CCD7-7E66-45A1-BFAE-25AE95231CA9}.AppStore|iPhoneSimulator.ActiveCfg = AppStore|iPhoneSimulator
		{0142CCD7-7E66-45A1-BFAE-25AE95231CA9}.AppStore|iPhoneSimulator.Build.0 = AppStore|iPhoneSimulator
		{0142CCD7-7E66-45A1-BFAE-25AE95231CA9}.Debug|Any CPU.ActiveCfg = Debug|iPhone
		{0142CCD7-7E66-45A1-BFAE-25AE95231CA9}.Debug|iPhone.ActiveCfg = Debug|iPhone
		{0142CCD7-7E66-45A1-BFAE-25AE95231CA9}.Debug|iPhone.Build.0 = Debug|iPhone
		{0142CCD7-7E66-45A1-BFAE-25AE95231CA9}.Debug|iPhoneSimulator.ActiveCfg = Debug|iPhoneSimulator
		{0142CCD7-7E66-45A1-BFAE-25AE95231CA9}.Debug|iPhoneSimulator.Build.0 = Debug|iPhoneSimulator
		{0142CCD7-7E66-45A1-BFAE-25AE95231CA9}.Release|Any CPU.ActiveCfg = Release|iPhone
		{0142CCD7-7E66-45A1-BFAE-25AE95231CA9}.Release|iPhone.ActiveCfg = Release|iPhone
		{0142CCD7-7E66-45A1-BFAE-25AE95231CA9}.Release|iPhone.Build.0 = Release|iPhone
		{0142CCD7-7E66-45A1-BFAE-25AE95231CA9}.Release|iPhoneSimulator.ActiveCfg = Release|iPhoneSimulator
		{0142CCD7-7E66-45A1-BFAE-25AE95231CA9}.Release|iPhoneSimulator.Build.0 = Release|iPhoneSimulator
	EndGlobalSection
	GlobalSection(SolutionProperties) = preSolution
		HideSolutionNode = FALSE
	EndGlobalSection
EndGlobal
